
Microsoft Visual Studio Solution File, Format Version 12.00
# Visual Studio Version 16
VisualStudioVersion = 16.0.31410.357
MinimumVisualStudioVersion = 10.0.40219.1
Project("{FAE04EC0-301F-11D3-BF4B-00C04F79EFBC}") = "BAI_1_0_TaoWindowFormBangCode", "BAI_1_0_TaoWindowFormBangCode\BAI_1_0_TaoWindowFormBangCode.csproj", "{6568F45D-4AED-4705-82EF-8FA285205B82}"
EndProject
Project("{FAE04EC0-301F-11D3-BF4B-00C04F79EFBC}") = "BAI_1_1_TongQuanWindowForm", "BAI_1_1_TongQuanWindowForm\BAI_1_1_TongQuanWindowForm.csproj", "{65A4D51C-8D13-4955-A597-AEFE37E4B5E6}"
EndProject
Project("{FAE04EC0-301F-11D3-BF4B-00C04F79EFBC}") = "BAI_1_2_CRUD_TAIKHOAN", "BAI_1_2_CRUD_TAIKHOAN\BAI_1_2_CRUD_TAIKHOAN.csproj", "{60621163-E196-4746-9080-5D54676C9DE6}"
EndProject
Project("{FAE04EC0-301F-11D3-BF4B-00C04F79EFBC}") = "BAI_1_3_ADO.NET", "BAI_1_3_ADO.NET\BAI_1_3_ADO.NET.csproj", "{F87CF687-7E52-485C-94F0-6701B663DD20}"
EndProject
Global
	GlobalSection(SolutionConfigurationPlatforms) = preSolution
		Debug|Any CPU = Debug|Any CPU
		Release|Any CPU = Release|Any CPU
	EndGlobalSection
	GlobalSection(ProjectConfigurationPlatforms) = postSolution
		{6568F45D-4AED-4705-82EF-8FA285205B82}.Debug|Any CPU.ActiveCfg = Debug|Any CPU
		{6568F45D-4AED-4705-82EF-8FA285205B82}.Debug|Any CPU.Build.0 = Debug|Any CPU
		{6568F45D-4AED-4705-82EF-8FA285205B82}.Release|Any CPU.ActiveCfg = Release|Any CPU
		{6568F45D-4AED-4705-82EF-8FA285205B82}.Release|Any CPU.Build.0 = Release|Any CPU
		{65A4D51C-8D13-4955-A597-AEFE37E4B5E6}.Debug|Any CPU.ActiveCfg = Debug|Any CPU
		{65A4D51C-8D13-4955-A597-AEFE37E4B5E6}.Debug|Any CPU.Build.0 = Debug|Any CPU
		{65A4D51C-8D13-4955-A597-AEFE37E4B5E6}.Release|Any CPU.ActiveCfg = Release|Any CPU
		{65A4D51C-8D13-4955-A597-AEFE37E4B5E6}.Release|Any CPU.Build.0 = Release|Any CPU
		{60621163-E196-4746-9080-5D54676C9DE6}.Debug|Any CPU.ActiveCfg = Debug|Any CPU
		{60621163-E196-4746-9080-5D54676C9DE6}.Debug|Any CPU.Build.0 = Debug|Any CPU
		{60621163-E196-4746-9080-5D54676C9DE6}.Release|Any CPU.ActiveCfg = Release|Any CPU
		{60621163-E196-4746-9080-5D54676C9DE6}.Release|Any CPU.Build.0 = Release|Any CPU
		{F87CF687-7E52-485C-94F0-6701B663DD20}.Debug|Any CPU.ActiveCfg = Debug|Any CPU
		{F87CF687-7E52-485C-94F0-6701B663DD20}.Debug|Any CPU.Build.0 = Debug|Any CPU
		{F87CF687-7E52-485C-94F0-6701B663DD20}.Release|Any CPU.ActiveCfg = Release|Any CPU
		{F87CF687-7E52-485C-94F0-6701B663DD20}.Release|Any CPU.Build.0 = Release|Any CPU
	EndGlobalSection
	GlobalSection(SolutionProperties) = preSolution
		HideSolutionNode = FALSE
	EndGlobalSection
	GlobalSection(ExtensibilityGlobals) = postSolution
		SolutionGuid = {B23088A7-547B-4A62-8253-C86C10874D7E}
	EndGlobalSection
EndGlobal
